# This file is generated by running "yarn install" inside your project.
# Manual changes might be lost - proceed with caution!

__metadata:
  version: 6
  cacheKey: 8

"@playwright/test@npm:^1.25.1":
  version: 1.25.1
  resolution: "@playwright/test@npm:1.25.1"
  dependencies:
    "@types/node": "*"
    playwright-core: 1.25.1
  bin:
    playwright: cli.js
  checksum: 788ae0a7a576c599ce539ad75ee442b8c7f2a979d1dfd58d214ae4309ed2d595fa82fa8a8740e5c32f9da497a4e1ee90501483d33666d3004e76e50ce0269ef0
  languageName: node
  linkType: hard

"@types/node@npm:*":
  version: 18.7.14
  resolution: "@types/node@npm:18.7.14"
  checksum: 99cf28ff854100158de875cca23c7acc3cc01dfee526a52b90b7f36767c821bcbaf2be0a98a70f06f3b78f3c60639168ff949d725b61e2e124f9f71f1fb8043d
  languageName: node
  linkType: hard

"chalk@npm:^5.0.1":
  version: 5.0.1
  resolution: "chalk@npm:5.0.1"
  checksum: 7b45300372b908f0471fbf7389ce2f5de8d85bb949026fd51a1b95b10d0ed32c7ed5aab36dd5e9d2bf3191867909b4404cef75c5f4d2d1daeeacd301dd280b76
  languageName: node
  linkType: hard

"demo-playwright@workspace:.":
  version: 0.0.0-use.local
  resolution: "demo-playwright@workspace:."
  dependencies:
    "@playwright/test": ^1.25.1
    chalk: ^5.0.1
  languageName: unknown
  linkType: soft

"playwright-core@npm:1.25.1":
  version: 1.25.1
  resolution: "playwright-core@npm:1.25.1"
  bin:
    playwright: cli.js
  checksum: 34d5602816f73d68de3c022423ef64f0214f5e9827c584bffa608ecf66a9058f2f578e037bd7cbe7f98be53d5b01602f1f98aec73db5b475d8ab22417c803db5
  languageName: node
  linkType: hard
